
Microsoft Visual Studio Solution File, Format Version 12.00
# Visual Studio Version 17
VisualStudioVersion = 17.14.36414.22
MinimumVisualStudioVersion = 10.0.40219.1
Project("{FAE04EC0-301F-11D3-BF4B-00C04F79EFBC}") = "TheBlueSky.Auth", "src\TheBlueSky.Auth\TheBlueSky.Auth.csproj", "{6EB8FF20-15A1-4BD2-9173-E28EC53E024E}"
EndProject
Project("{FAE04EC0-301F-11D3-BF4B-00C04F79EFBC}") = "TheBlueSky.Flights", "src\TheBlueSky.Flights\TheBlueSky.Flights.csproj", "{3C1B7A8B-761F-43FB-BFF2-97B008FB0A76}"
EndProject
Project("{FAE04EC0-301F-11D3-BF4B-00C04F79EFBC}") = "TheBlueSky.Bookings", "src\TheBlueSky.Bookings\TheBlueSky.Bookings.csproj", "{9645C068-34F6-4481-8522-577B6B2AE829}"
EndProject
Project("{FAE04EC0-301F-11D3-BF4B-00C04F79EFBC}") = "TheBlueSky.Gateway", "src\TheBlueSky.Gateway\TheBlueSky.Gateway.csproj", "{C74C7F94-4F9B-4697-B50E-CA546E1552DA}"
EndProject
Project("{FAE04EC0-301F-11D3-BF4B-00C04F79EFBC}") = "TheBlueSky.Flights.Tests", "tests\TheBlueSky.Flights.Tests\TheBlueSky.Flights.Tests.csproj", "{11BB1F0F-AF11-4DA2-90D4-CE87108004C3}"
EndProject
Project("{FAE04EC0-301F-11D3-BF4B-00C04F79EFBC}") = "TheBlueSky.Bookings.Tests", "tests\TheBlueSky.Bookings.Tests\TheBlueSky.Bookings.Tests.csproj", "{3FC5E78B-50EC-4787-88CD-B83F18BC06CD}"
EndProject
Global
	GlobalSection(SolutionConfigurationPlatforms) = preSolution
		Debug|Any CPU = Debug|Any CPU
		Release|Any CPU = Release|Any CPU
	EndGlobalSection
	GlobalSection(ProjectConfigurationPlatforms) = postSolution
		{6EB8FF20-15A1-4BD2-9173-E28EC53E024E}.Debug|Any CPU.ActiveCfg = Debug|Any CPU
		{6EB8FF20-15A1-4BD2-9173-E28EC53E024E}.Debug|Any CPU.Build.0 = Debug|Any CPU
		{6EB8FF20-15A1-4BD2-9173-E28EC53E024E}.Release|Any CPU.ActiveCfg = Release|Any CPU
		{6EB8FF20-15A1-4BD2-9173-E28EC53E024E}.Release|Any CPU.Build.0 = Release|Any CPU
		{3C1B7A8B-761F-43FB-BFF2-97B008FB0A76}.Debug|Any CPU.ActiveCfg = Debug|Any CPU
		{3C1B7A8B-761F-43FB-BFF2-97B008FB0A76}.Debug|Any CPU.Build.0 = Debug|Any CPU
		{3C1B7A8B-761F-43FB-BFF2-97B008FB0A76}.Release|Any CPU.ActiveCfg = Release|Any CPU
		{3C1B7A8B-761F-43FB-BFF2-97B008FB0A76}.Release|Any CPU.Build.0 = Release|Any CPU
		{9645C068-34F6-4481-8522-577B6B2AE829}.Debug|Any CPU.ActiveCfg = Debug|Any CPU
		{9645C068-34F6-4481-8522-577B6B2AE829}.Debug|Any CPU.Build.0 = Debug|Any CPU
		{9645C068-34F6-4481-8522-577B6B2AE829}.Release|Any CPU.ActiveCfg = Release|Any CPU
		{9645C068-34F6-4481-8522-577B6B2AE829}.Release|Any CPU.Build.0 = Release|Any CPU
		{C74C7F94-4F9B-4697-B50E-CA546E1552DA}.Debug|Any CPU.ActiveCfg = Debug|Any CPU
		{C74C7F94-4F9B-4697-B50E-CA546E1552DA}.Debug|Any CPU.Build.0 = Debug|Any CPU
		{C74C7F94-4F9B-4697-B50E-CA546E1552DA}.Release|Any CPU.ActiveCfg = Release|Any CPU
		{C74C7F94-4F9B-4697-B50E-CA546E1552DA}.Release|Any CPU.Build.0 = Release|Any CPU
		{11BB1F0F-AF11-4DA2-90D4-CE87108004C3}.Debug|Any CPU.ActiveCfg = Debug|Any CPU
		{11BB1F0F-AF11-4DA2-90D4-CE87108004C3}.Debug|Any CPU.Build.0 = Debug|Any CPU
		{11BB1F0F-AF11-4DA2-90D4-CE87108004C3}.Release|Any CPU.ActiveCfg = Release|Any CPU
		{11BB1F0F-AF11-4DA2-90D4-CE87108004C3}.Release|Any CPU.Build.0 = Release|Any CPU
		{3FC5E78B-50EC-4787-88CD-B83F18BC06CD}.Debug|Any CPU.ActiveCfg = Debug|Any CPU
		{3FC5E78B-50EC-4787-88CD-B83F18BC06CD}.Debug|Any CPU.Build.0 = Debug|Any CPU
		{3FC5E78B-50EC-4787-88CD-B83F18BC06CD}.Release|Any CPU.ActiveCfg = Release|Any CPU
		{3FC5E78B-50EC-4787-88CD-B83F18BC06CD}.Release|Any CPU.Build.0 = Release|Any CPU
	EndGlobalSection
	GlobalSection(SolutionProperties) = preSolution
		HideSolutionNode = FALSE
	EndGlobalSection
	GlobalSection(ExtensibilityGlobals) = postSolution
		SolutionGuid = {9A43DB75-6230-4983-A364-C747D0D86B36}
	EndGlobalSection
EndGlobal
